
Microsoft Visual Studio Solution File, Format Version 12.00
# Visual Studio Version 17
VisualStudioVersion = 17.4.33403.182
MinimumVisualStudioVersion = 10.0.40219.1
Project("{FAE04EC0-301F-11D3-BF4B-00C04F79EFBC}") = "laba 5", "laba 5\laba 5.csproj", "{28B3C830-A24D-44D1-B680-111DAC23AAF9}"
EndProject
Global
	GlobalSection(SolutionConfigurationPlatforms) = preSolution
		Debug|Any CPU = Debug|Any CPU
		Release|Any CPU = Release|Any CPU
	EndGlobalSection
	GlobalSection(ProjectConfigurationPlatforms) = postSolution
		{28B3C830-A24D-44D1-B680-111DAC23AAF9}.Debug|Any CPU.ActiveCfg = Debug|Any CPU
		{28B3C830-A24D-44D1-B680-111DAC23AAF9}.Debug|Any CPU.Build.0 = Debug|Any CPU
		{28B3C830-A24D-44D1-B680-111DAC23AAF9}.Release|Any CPU.ActiveCfg = Release|Any CPU
		{28B3C830-A24D-44D1-B680-111DAC23AAF9}.Release|Any CPU.Build.0 = Release|Any CPU
	EndGlobalSection
	GlobalSection(SolutionProperties) = preSolution
		HideSolutionNode = FALSE
	EndGlobalSection
	GlobalSection(ExtensibilityGlobals) = postSolution
		SolutionGuid = {0AE335BF-85E4-462A-8B3A-4555A9D93B6B}
	EndGlobalSection
EndGlobal
